[[package]]
category = "main"
description = "Read/rewrite/write Python ASTs"
name = "astor"
optional = false
python-versions = "!=3.0.*,!=3.1.*,!=3.2.*,!=3.3.*,>=2.7"
version = "0.8.1"

[[package]]
category = "main"
description = "Classes Without Boilerplate"
name = "attrs"
optional = false
python-versions = ">=2.7, !=3.0.*, !=3.1.*, !=3.2.*, !=3.3.*"
version = "19.3.0"

[package.extras]
azure-pipelines = ["coverage", "hypothesis", "pympler", "pytest (>=4.3.0)", "six", "zope.interface", "pytest-azurepipelines"]
dev = ["coverage", "hypothesis", "pympler", "pytest (>=4.3.0)", "six", "zope.interface", "sphinx", "pre-commit"]
docs = ["sphinx", "zope.interface"]
tests = ["coverage", "hypothesis", "pympler", "pytest (>=4.3.0)", "six", "zope.interface"]

[[package]]
category = "main"
description = "Security oriented static analyser for python code."
name = "bandit"
optional = false
python-versions = "*"
version = "1.6.2"

[package.dependencies]
GitPython = ">=1.0.1"
PyYAML = ">=3.13"
colorama = ">=0.3.9"
six = ">=1.10.0"
stevedore = ">=1.20.0"

[[package]]
category = "main"
description = "Library to calculate Python functions cognitive complexity via code"
name = "cognitive-complexity"
optional = false
python-versions = ">=3.6"
version = "0.0.4"

[package.dependencies]
setuptools = "*"

[[package]]
category = "main"
description = "Cross-platform colored terminal text."
name = "colorama"
optional = false
python-versions = ">=2.7, !=3.0.*, !=3.1.*, !=3.2.*, !=3.3.*"
version = "0.4.1"

[[package]]
category = "main"
description = "A utility for ensuring Google-style docstrings stay up to date with the source code."
name = "darglint"
optional = false
python-versions = ">=3.5"
version = "1.1.3"

[[package]]
category = "main"
description = "Docutils -- Python Documentation Utilities"
name = "docutils"
optional = false
python-versions = ">=2.7, !=3.0.*, !=3.1.*, !=3.2.*, !=3.3.*, !=3.4.*"
version = "0.16"

[[package]]
category = "main"
description = "Discover and load entry points from installed packages."
name = "entrypoints"
optional = false
python-versions = ">=2.7"
version = "0.3"

[[package]]
category = "main"
description = "Removes commented-out code."
name = "eradicate"
optional = false
python-versions = "*"
version = "1.0"

[[package]]
category = "main"
description = "the modular source code checker: pep8, pyflakes and co"
name = "flake8"
optional = false
python-versions = ">=2.7, !=3.0.*, !=3.1.*, !=3.2.*, !=3.3.*"
version = "3.7.9"

[package.dependencies]
entrypoints = ">=0.3.0,<0.4.0"
mccabe = ">=0.6.0,<0.7.0"
pycodestyle = ">=2.5.0,<2.6.0"
pyflakes = ">=2.1.0,<2.2.0"

[[package]]
category = "main"
description = "A flake8 extension that checks for type annotations complexity"
name = "flake8-annotations-complexity"
optional = false
python-versions = "*"
version = "0.0.2"

[package.dependencies]
setuptools = "*"

[[package]]
category = "main"
description = "Automated security testing with bandit and flake8."
name = "flake8-bandit"
optional = false
python-versions = "*"
version = "2.1.2"

[package.dependencies]
bandit = "*"
flake8 = "*"
flake8-polyfill = "*"
pycodestyle = "*"

[[package]]
category = "main"
description = "Flake8 plugin to forbid backslashes for line breaks"
name = "flake8-broken-line"
optional = false
python-versions = ">=3.6,<4.0"
version = "0.1.1"

[package.dependencies]
flake8 = ">=3.5,<4.0"

[[package]]
category = "main"
description = "A plugin for flake8 finding likely bugs and design problems in your program. Contains warnings that don't belong in pyflakes and pycodestyle."
name = "flake8-bugbear"
optional = false
python-versions = ">=3.5"
version = "19.8.0"

[package.dependencies]
attrs = "*"
flake8 = ">=3.0.0"

[[package]]
category = "main"
description = "Check for python builtins being used as variables or parameters."
name = "flake8-builtins"
optional = false
python-versions = "*"
version = "1.4.2"

[package.dependencies]
flake8 = "*"

[package.extras]
test = ["coverage", "coveralls", "mock", "pytest", "pytest-cov"]

[[package]]
category = "main"
description = "Adds coding magic comment checks to flake8"
name = "flake8-coding"
optional = false
python-versions = "*"
version = "1.3.2"

[package.dependencies]
flake8 = "*"

[[package]]
category = "main"
description = "Flake8 lint for trailing commas."
name = "flake8-commas"
optional = false
python-versions = "*"
version = "2.0.0"

[package.dependencies]
flake8 = ">=2,<4.0.0"

[[package]]
category = "main"
description = "A flake8 plugin to help you write better list/set/dict comprehensions."
name = "flake8-comprehensions"
optional = false
python-versions = ">=3.5"
version = "3.2.2"

[package.dependencies]
flake8 = ">=3.0,<3.2.0 || >3.2.0,<4"

[package.dependencies.importlib-metadata]
python = "<3.8"
version = "*"

[[package]]
category = "main"
description = "ipdb/pdb statement checker plugin for flake8"
name = "flake8-debugger"
optional = false
python-versions = "*"
version = "3.2.1"

[package.dependencies]
flake8 = ">=1.5"
pycodestyle = "*"

[[package]]
category = "main"
description = "Extension for flake8 which uses pydocstyle to check docstrings"
name = "flake8-docstrings"
optional = false
python-versions = "*"
version = "1.5.0"

[package.dependencies]
flake8 = ">=3"
pydocstyle = ">=2.1"

[[package]]
category = "main"
description = "Flake8 plugin to find commented out code"
name = "flake8-eradicate"
optional = false
python-versions = ">=3.6,<4.0"
version = "0.2.4"

[package.dependencies]
attrs = ">=18.2,<20.0"
eradicate = ">=0.2.1,<1.1.0"
flake8 = ">=3.5,<4.0"

[[package]]
category = "main"
description = "A Flake8 plugin for checking executable permissions and shebangs."
name = "flake8-executable"
optional = false
python-versions = ">=3.6"
version = "2.0.3"

[package.dependencies]
flake8 = ">=3.0.0"

[[package]]
category = "main"
description = "flake8 plugin that integrates isort ."
name = "flake8-isort"
optional = false
python-versions = "*"
version = "2.8.0"

[package.dependencies]
flake8 = ">=3.2.1"
testfixtures = "*"

[package.dependencies.isort]
extras = ["pyproject"]
version = ">=4.3.0"

[package.extras]
test = ["pytest"]

[[package]]
category = "main"
description = "Flake8 extension to validate (lack of) logging format strings"
name = "flake8-logging-format"
optional = false
python-versions = "*"
version = "0.6.0"

[[package]]
category = "main"
description = "Checks for old string formatting."
name = "flake8-pep3101"
optional = false
python-versions = "*"
version = "1.3.0"

[package.dependencies]
flake8 = ">=3.0"

[package.extras]
test = ["pytest", "testfixtures"]

[[package]]
category = "main"
description = "Polyfill package for Flake8 plugins"
name = "flake8-polyfill"
optional = false
python-versions = "*"
version = "1.0.2"

[package.dependencies]
flake8 = "*"

[[package]]
category = "main"
description = "print statement checker plugin for flake8"
name = "flake8-print"
optional = false
python-versions = "*"
version = "3.1.4"

[package.dependencies]
flake8 = ">=1.5"
pycodestyle = "*"
six = "*"

[[package]]
category = "main"
description = "Flake8 lint for quotes."
name = "flake8-quotes"
optional = false
python-versions = "*"
version = "2.1.1"

[package.dependencies]
flake8 = "*"

[[package]]
category = "main"
description = "Python docstring reStructuredText (RST) validator"
name = "flake8-rst-docstrings"
optional = false
python-versions = "*"
version = "0.0.12"

[package.dependencies]
flake8 = ">=3.0.0"
restructuredtext_lint = "*"

[[package]]
category = "main"
description = "string format checker, plugin for flake8"
name = "flake8-string-format"
optional = false
python-versions = "*"
version = "0.2.3"

[package.dependencies]
flake8 = "*"

[[package]]
category = "main"
description = "Clean single-source support for Python 3 and 2"
name = "future"
optional = false
python-versions = ">=2.6, !=3.0.*, !=3.1.*, !=3.2.*"
version = "0.18.2"

[[package]]
category = "main"
description = "Git Object Database"
name = "gitdb2"
optional = false
python-versions = ">=2.7, !=3.0.*, !=3.1.*, !=3.2.*, !=3.3.*"
version = "2.0.6"

[package.dependencies]
smmap2 = ">=2.0.0"

[[package]]
category = "main"
description = "Python Git Library"
name = "gitpython"
optional = false
python-versions = ">=3.4"
version = "3.0.7"

[package.dependencies]
gitdb2 = ">=2.0.0"

[[package]]
category = "main"
description = "Read metadata from Python packages"
marker = "python_version < \"3.8\""
name = "importlib-metadata"
optional = false
python-versions = "!=3.0.*,!=3.1.*,!=3.2.*,!=3.3.*,!=3.4.*,>=2.7"
version = "1.5.0"

[package.dependencies]
zipp = ">=0.5"

[package.extras]
docs = ["sphinx", "rst.linker"]
testing = ["packaging", "importlib-resources"]

[[package]]
category = "main"
description = "A Python utility / library to sort Python imports."
name = "isort"
optional = false
python-versions = ">=2.7, !=3.0.*, !=3.1.*, !=3.2.*, !=3.3.*"
version = "4.3.21"

[package.dependencies]
[package.dependencies.toml]
optional = true
version = "*"

[package.extras]
pipfile = ["pipreqs", "requirementslib"]
pyproject = ["toml"]
requirements = ["pipreqs", "pip-api"]
xdg_home = ["appdirs (>=1.4.0)"]

[[package]]
category = "main"
description = "Create Python CLI apps with little to no effort at all!"
name = "mando"
optional = false
python-versions = "*"
version = "0.6.4"

[package.dependencies]
six = "*"

[package.extras]
restructuredText = ["rst2ansi"]

[[package]]
category = "main"
description = "McCabe checker, plugin for flake8"
name = "mccabe"
optional = false
python-versions = "*"
version = "0.6.1"

[[package]]
category = "main"
description = "Python Build Reasonableness"
name = "pbr"
optional = false
python-versions = "*"
version = "5.4.4"

[[package]]
category = "main"
description = "Check PEP-8 naming conventions, plugin for flake8"
name = "pep8-naming"
optional = false
python-versions = "*"
version = "0.9.1"

[package.dependencies]
flake8-polyfill = ">=1.0.2,<2"

[[package]]
category = "main"
description = "Python style guide checker"
name = "pycodestyle"
optional = false
python-versions = ">=2.7, !=3.0.*, !=3.1.*, !=3.2.*, !=3.3.*"
version = "2.5.0"

[[package]]
category = "main"
description = "Python docstring style checker"
name = "pydocstyle"
optional = false
python-versions = ">=3.5"
version = "5.0.2"

[package.dependencies]
snowballstemmer = "*"

[[package]]
category = "main"
description = "passive checker of Python programs"
name = "pyflakes"
optional = false
python-versions = ">=2.7, !=3.0.*, !=3.1.*, !=3.2.*, !=3.3.*"
version = "2.1.1"

[[package]]
category = "main"
description = "Pygments is a syntax highlighting package written in Python."
name = "pygments"
optional = false
python-versions = ">=2.7, !=3.0.*, !=3.1.*, !=3.2.*, !=3.3.*, !=3.4.*"
version = "2.5.2"

[[package]]
category = "main"
description = "YAML parser and emitter for Python"
name = "pyyaml"
optional = false
python-versions = ">=2.7, !=3.0.*, !=3.1.*, !=3.2.*, !=3.3.*, !=3.4.*"
version = "5.3"

[[package]]
category = "main"
description = "Code Metrics in Python"
name = "radon"
optional = false
python-versions = "*"
version = "4.1.0"

[package.dependencies]
colorama = "0.4.1"
flake8-polyfill = "*"
future = "*"
mando = ">=0.6,<0.7"

[[package]]
category = "main"
description = "reStructuredText linter"
name = "restructuredtext-lint"
optional = false
python-versions = "*"
version = "1.3.0"

[package.dependencies]
docutils = ">=0.11,<1.0"

[[package]]
category = "main"
description = "Python 2 and 3 compatibility utilities"
name = "six"
optional = false
python-versions = ">=2.7, !=3.0.*, !=3.1.*, !=3.2.*"
version = "1.14.0"

[[package]]
category = "main"
description = "A pure Python implementation of a sliding window memory map manager"
name = "smmap2"
optional = false
python-versions = ">=2.7, !=3.0.*, !=3.1.*, !=3.2.*, !=3.3.*"
version = "2.0.5"

[[package]]
category = "main"
description = "This package provides 26 stemmers for 25 languages generated from Snowball algorithms."
name = "snowballstemmer"
optional = false
python-versions = "*"
version = "2.0.0"

[[package]]
category = "main"
description = "Manage dynamic plugins for Python applications"
name = "stevedore"
optional = false
python-versions = "*"
version = "1.32.0"

[package.dependencies]
pbr = ">=2.0.0,<2.1.0 || >2.1.0"
six = ">=1.10.0"

[[package]]
category = "main"
description = "A collection of helpers and mock objects for unit tests and doc tests."
name = "testfixtures"
optional = false
python-versions = "*"
version = "6.12.0"

[package.extras]
build = ["setuptools-git", "wheel", "twine"]
docs = ["sphinx"]
test = ["pytest (>=3.6)", "pytest-cov", "pytest-django", "sybil", "zope.component", "twisted", "mock", "django (<2)", "django"]

[[package]]
category = "main"
description = "Python Library for Tom's Obvious, Minimal Language"
name = "toml"
optional = false
python-versions = "*"
version = "0.10.0"

[[package]]
category = "main"
description = "Backported and Experimental Type Hints for Python 3.5+"
name = "typing-extensions"
optional = false
python-versions = "*"
version = "3.7.4.1"

[[package]]
category = "main"
description = "The strictest and most opinionated python linter ever"
name = "wemake-python-styleguide"
optional = false
python-versions = ">=3.6,<4.0"
version = "0.13.4"

[package.dependencies]
astor = ">=0.8,<0.9"
attrs = "*"
cognitive_complexity = ">=0.0.4,<0.0.5"
darglint = ">=1.1,<2.0"
flake8 = ">=3.7,<4.0"
flake8-annotations-complexity = ">=0.0.2,<0.0.3"
flake8-bandit = ">=2.1,<3.0"
flake8-broken-line = ">=0.1,<0.2"
flake8-bugbear = ">=19.3,<20.0"
flake8-builtins = ">=1.4.2,<2.0.0"
flake8-coding = ">=1.3,<2.0"
flake8-commas = ">=2.0,<3.0"
flake8-comprehensions = ">=3.1.0,<4.0.0"
flake8-debugger = ">=3.1,<4.0"
flake8-docstrings = ">=1.3.1,<2.0.0"
flake8-eradicate = ">=0.2,<0.3"
flake8-executable = ">=2.0,<3.0"
flake8-isort = ">=2.6,<3.0"
flake8-logging-format = ">=0.6,<0.7"
flake8-pep3101 = ">=1.2,<2.0"
flake8-print = ">=3.1.4,<4.0.0"
flake8-quotes = ">=2.0.1,<3.0.0"
flake8-rst-docstrings = ">=0.0.12,<0.0.13"
flake8-string-format = ">=0.2,<0.3"
pep8-naming = ">=0.9.1,<0.10.0"
pygments = ">=2.4,<3.0"
radon = ">=4.0,<5.0"
typing_extensions = ">=3.6,<4.0"

[[package]]
category = "main"
description = "Backport of pathlib-compatible object wrapper for zip files"
marker = "python_version < \"3.8\""
name = "zipp"
optional = false
python-versions = ">=3.6"
version = "2.2.0"

[package.extras]
docs = ["sphinx", "jaraco.packaging (>=3.2)", "rst.linker (>=1.9)"]
testing = ["jaraco.itertools"]

[metadata]
content-hash = "ec5b0b7871a962e26b263ccb97fc4e5cf32acf7c3c631d6e1933bc782c3d3221"
python-versions = "^3.6"

[metadata.files]
astor = [
    {file = "astor-0.8.1-py2.py3-none-any.whl", hash = "sha256:070a54e890cefb5b3739d19f30f5a5ec840ffc9c50ffa7d23cc9fc1a38ebbfc5"},
    {file = "astor-0.8.1.tar.gz", hash = "sha256:6a6effda93f4e1ce9f618779b2dd1d9d84f1e32812c23a29b3fff6fd7f63fa5e"},
]
attrs = [
    {file = "attrs-19.3.0-py2.py3-none-any.whl", hash = "sha256:08a96c641c3a74e44eb59afb61a24f2cb9f4d7188748e76ba4bb5edfa3cb7d1c"},
    {file = "attrs-19.3.0.tar.gz", hash = "sha256:f7b7ce16570fe9965acd6d30101a28f62fb4a7f9e926b3bbc9b61f8b04247e72"},
]
bandit = [
    {file = "bandit-1.6.2-py2.py3-none-any.whl", hash = "sha256:336620e220cf2d3115877685e264477ff9d9abaeb0afe3dc7264f55fa17a3952"},
    {file = "bandit-1.6.2.tar.gz", hash = "sha256:41e75315853507aa145d62a78a2a6c5e3240fe14ee7c601459d0df9418196065"},
]
cognitive-complexity = [
    {file = "cognitive_complexity-0.0.4.tar.gz", hash = "sha256:8a456bf2871a40c73f33c937ec0b42bc2daaefafa850b3158b0f7a2a91af2b64"},
]
colorama = [
    {file = "colorama-0.4.1-py2.py3-none-any.whl", hash = "sha256:f8ac84de7840f5b9c4e3347b3c1eaa50f7e49c2b07596221daec5edaabbd7c48"},
    {file = "colorama-0.4.1.tar.gz", hash = "sha256:05eed71e2e327246ad6b38c540c4a3117230b19679b875190486ddd2d721422d"},
]
darglint = [
    {file = "darglint-1.1.3-py3-none-any.whl", hash = "sha256:7ac9a9ef8db58f2ceef0c241fc6d9bb0c2dfb3ed0ddbf09f97954e888f8e0d20"},
    {file = "darglint-1.1.3.tar.gz", hash = "sha256:1aff09922bb0b7167c4ea27e4ce1cfb670b9aca32d8bfe5232f82758e025bbb5"},
]
docutils = [
    {file = "docutils-0.16-py2.py3-none-any.whl", hash = "sha256:0c5b78adfbf7762415433f5515cd5c9e762339e23369dbe8000d84a4bf4ab3af"},
    {file = "docutils-0.16.tar.gz", hash = "sha256:c2de3a60e9e7d07be26b7f2b00ca0309c207e06c100f9cc2a94931fc75a478fc"},
]
entrypoints = [
    {file = "entrypoints-0.3-py2.py3-none-any.whl", hash = "sha256:589f874b313739ad35be6e0cd7efde2a4e9b6fea91edcc34e58ecbb8dbe56d19"},
    {file = "entrypoints-0.3.tar.gz", hash = "sha256:c70dd71abe5a8c85e55e12c19bd91ccfeec11a6e99044204511f9ed547d48451"},
]
eradicate = [
    {file = "eradicate-1.0.tar.gz", hash = "sha256:4ffda82aae6fd49dfffa777a857cb758d77502a1f2e0f54c9ac5155a39d2d01a"},
]
flake8 = [
    {file = "flake8-3.7.9-py2.py3-none-any.whl", hash = "sha256:49356e766643ad15072a789a20915d3c91dc89fd313ccd71802303fd67e4deca"},
    {file = "flake8-3.7.9.tar.gz", hash = "sha256:45681a117ecc81e870cbf1262835ae4af5e7a8b08e40b944a8a6e6b895914cfb"},
]
flake8-annotations-complexity = [
    {file = "flake8_annotations_complexity-0.0.2.tar.gz", hash = "sha256:e499d2186efcc5f6f2f1c7eb18568d08f4d9313fad15f614645f3f445f70b45c"},
]
flake8-bandit = [
    {file = "flake8_bandit-2.1.2.tar.gz", hash = "sha256:687fc8da2e4a239b206af2e54a90093572a60d0954f3054e23690739b0b0de3b"},
]
flake8-broken-line = [
    {file = "flake8-broken-line-0.1.1.tar.gz", hash = "sha256:30378a3749911e453d0a9e03204156cbbd35bcc03fb89f12e6a5206e5baf3537"},
    {file = "flake8_broken_line-0.1.1-py3-none-any.whl", hash = "sha256:7721725dce3aeee1df371a252822f1fcecfaf2766dcf5bac54ee1b3f779ee9d1"},
]
flake8-bugbear = [
    {file = "flake8-bugbear-19.8.0.tar.gz", hash = "sha256:d8c466ea79d5020cb20bf9f11cf349026e09517a42264f313d3f6fddb83e0571"},
    {file = "flake8_bugbear-19.8.0-py35.py36.py37-none-any.whl", hash = "sha256:ded4d282778969b5ab5530ceba7aa1a9f1b86fa7618fc96a19a1d512331640f8"},
]
flake8-builtins = [
    {file = "flake8-builtins-1.4.2.tar.gz", hash = "sha256:c44415fb19162ef3737056e700d5b99d48c3612a533943b4e16419a5d3de3a64"},
    {file = "flake8_builtins-1.4.2-py2.py3-none-any.whl", hash = "sha256:29bc0f7e68af481d088f5c96f8aeb02520abdfc900500484e3af969f42a38a5f"},
]
flake8-coding = [
    {file = "flake8-coding-1.3.2.tar.gz", hash = "sha256:b8f4d5157a8f74670e6cfea732c3d9f4291a4e994c8701d2c55f787c6e6cb741"},
    {file = "flake8_coding-1.3.2-py2.py3-none-any.whl", hash = "sha256:79704112c44d09d4ab6c8965e76a20c3f7073d52146db60303bce777d9612260"},
]
flake8-commas = [
    {file = "flake8-commas-2.0.0.tar.gz", hash = "sha256:d3005899466f51380387df7151fb59afec666a0f4f4a2c6a8995b975de0f44b7"},
    {file = "flake8_commas-2.0.0-py2.py3-none-any.whl", hash = "sha256:ee2141a3495ef9789a3894ed8802d03eff1eaaf98ce6d8653a7c573ef101935e"},
]
flake8-comprehensions = [
    {file = "flake8-comprehensions-3.2.2.tar.gz", hash = "sha256:e7db586bb6eb95afdfd87ed244c90e57ae1352db8ef0ad3012fca0200421e5df"},
    {file = "flake8_comprehensions-3.2.2-py3-none-any.whl", hash = "sha256:d08323aa801aef33477cd33f2f5ce3acb1aafd26803ab0d171d85d514c1273a2"},
]
flake8-debugger = [
    {file = "flake8-debugger-3.2.1.tar.gz", hash = "sha256:712d7c1ff69ddf3f0130e94cc88c2519e720760bce45e8c330bfdcb61ab4090d"},
]
flake8-docstrings = [
    {file = "flake8-docstrings-1.5.0.tar.gz", hash = "sha256:3d5a31c7ec6b7367ea6506a87ec293b94a0a46c0bce2bb4975b7f1d09b6f3717"},
    {file = "flake8_docstrings-1.5.0-py2.py3-none-any.whl", hash = "sha256:a256ba91bc52307bef1de59e2a009c3cf61c3d0952dbe035d6ff7208940c2edc"},
]
flake8-eradicate = [
    {file = "flake8-eradicate-0.2.4.tar.gz", hash = "sha256:b693e9dfe6da42dbc7fb75af8486495b9414d1ab0372d15efcf85a2ac85fd368"},
    {file = "flake8_eradicate-0.2.4-py3-none-any.whl", hash = "sha256:b0bcdbb70a489fb799f9ee11fefc57bd0d3251e1ea9bdc5bf454443cccfd620c"},
]
flake8-executable = [
    {file = "flake8-executable-2.0.3.tar.gz", hash = "sha256:a636ff78b14b63b1245d1c4d509db2f6ea0f2e27a86ee7eb848f3827bef7e16d"},
    {file = "flake8_executable-2.0.3-py3-none-any.whl", hash = "sha256:968618c475a23a538ced9b957a741b818d37610838f99f6abcea249e4de7c9ec"},
]
flake8-isort = [
    {file = "flake8-isort-2.8.0.tar.gz", hash = "sha256:64454d1f154a303cfe23ee715aca37271d4f1d299b2f2663f45b73bff14e36a9"},
    {file = "flake8_isort-2.8.0-py2.py3-none-any.whl", hash = "sha256:aa0c4d004e6be47e74f122f5b7f36554d0d78ad8bf99b497a460dedccaa7cce9"},
]
flake8-logging-format = [
    {file = "flake8-logging-format-0.6.0.tar.gz", hash = "sha256:ca5f2b7fc31c3474a0aa77d227e022890f641a025f0ba664418797d979a779f8"},
]
flake8-pep3101 = [
    {file = "flake8-pep3101-1.3.0.tar.gz", hash = "sha256:86e3eb4e42de8326dcd98ebdeaf9a3c6854203a48f34aeb3e7e8ed948107f512"},
    {file = "flake8_pep3101-1.3.0-py2.py3-none-any.whl", hash = "sha256:a5dae1caca1243b2b40108dce926d97cf5a9f52515c4a4cbb1ffe1ca0c54e343"},
]
flake8-polyfill = [
    {file = "flake8-polyfill-1.0.2.tar.gz", hash = "sha256:e44b087597f6da52ec6393a709e7108b2905317d0c0b744cdca6208e670d8eda"},
    {file = "flake8_polyfill-1.0.2-py2.py3-none-any.whl", hash = "sha256:12be6a34ee3ab795b19ca73505e7b55826d5f6ad7230d31b18e106400169b9e9"},
]
flake8-print = [
    {file = "flake8-print-3.1.4.tar.gz", hash = "sha256:324f9e59a522518daa2461bacd7f82da3c34eb26a4314c2a54bd493f8b394a68"},
]
flake8-quotes = [
    {file = "flake8-quotes-2.1.1.tar.gz", hash = "sha256:11a15d30c92ca5f04c2791bd7019cf62b6f9d3053eb050d02a135557eb118bfc"},
]
flake8-rst-docstrings = [
    {file = "flake8-rst-docstrings-0.0.12.tar.gz", hash = "sha256:01d38327801781b26c3dfeb71ae37e5a02c5ca1b774a686f63feab8824ca6f9c"},
]
flake8-string-format = [
    {file = "flake8-string-format-0.2.3.tar.gz", hash = "sha256:774d56103d9242ed968897455ef49b7d6de272000cfa83de5814273a868832f1"},
    {file = "flake8_string_format-0.2.3-py2.py3-none-any.whl", hash = "sha256:68ea72a1a5b75e7018cae44d14f32473c798cf73d75cbaed86c6a9a907b770b2"},
]
future = [
    {file = "future-0.18.2.tar.gz", hash = "sha256:b1bead90b70cf6ec3f0710ae53a525360fa360d306a86583adc6bf83a4db537d"},
]
gitdb2 = [
    {file = "gitdb2-2.0.6-py2.py3-none-any.whl", hash = "sha256:96bbb507d765a7f51eb802554a9cfe194a174582f772e0d89f4e87288c288b7b"},
    {file = "gitdb2-2.0.6.tar.gz", hash = "sha256:1b6df1433567a51a4a9c1a5a0de977aa351a405cc56d7d35f3388bad1f630350"},
]
gitpython = [
    {file = "GitPython-3.0.7-py3-none-any.whl", hash = "sha256:99c77677f31f255e130f3fed4c8e0eebb35f1a09df98ff965fff6774f71688cf"},
    {file = "GitPython-3.0.7.tar.gz", hash = "sha256:99cd0403cecd8a13b95d2e045b9fcaa7837137fcc5ec3105f2c413305d82c143"},
]
importlib-metadata = [
    {file = "importlib_metadata-1.5.0-py2.py3-none-any.whl", hash = "sha256:b97607a1a18a5100839aec1dc26a1ea17ee0d93b20b0f008d80a5a050afb200b"},
    {file = "importlib_metadata-1.5.0.tar.gz", hash = "sha256:06f5b3a99029c7134207dd882428a66992a9de2bef7c2b699b5641f9886c3302"},
]
isort = [
    {file = "isort-4.3.21-py2.py3-none-any.whl", hash = "sha256:6e811fcb295968434526407adb8796944f1988c5b65e8139058f2014cbe100fd"},
    {file = "isort-4.3.21.tar.gz", hash = "sha256:54da7e92468955c4fceacd0c86bd0ec997b0e1ee80d97f67c35a78b719dccab1"},
]
mando = [
    {file = "mando-0.6.4-py2.py3-none-any.whl", hash = "sha256:4ce09faec7e5192ffc3c57830e26acba0fd6cd11e1ee81af0d4df0657463bd1c"},
    {file = "mando-0.6.4.tar.gz", hash = "sha256:79feb19dc0f097daa64a1243db578e7674909b75f88ac2220f1c065c10a0d960"},
]
mccabe = [
    {file = "mccabe-0.6.1-py2.py3-none-any.whl", hash = "sha256:ab8a6258860da4b6677da4bd2fe5dc2c659cff31b3ee4f7f5d64e79735b80d42"},
    {file = "mccabe-0.6.1.tar.gz", hash = "sha256:dd8d182285a0fe56bace7f45b5e7d1a6ebcbf524e8f3bd87eb0f125271b8831f"},
]
pbr = [
    {file = "pbr-5.4.4-py2.py3-none-any.whl", hash = "sha256:61aa52a0f18b71c5cc58232d2cf8f8d09cd67fcad60b742a60124cb8d6951488"},
    {file = "pbr-5.4.4.tar.gz", hash = "sha256:139d2625547dbfa5fb0b81daebb39601c478c21956dc57e2e07b74450a8c506b"},
]
pep8-naming = [
    {file = "pep8-naming-0.9.1.tar.gz", hash = "sha256:a33d38177056321a167decd6ba70b890856ba5025f0a8eca6a3eda607da93caf"},
    {file = "pep8_naming-0.9.1-py2.py3-none-any.whl", hash = "sha256:45f330db8fcfb0fba57458c77385e288e7a3be1d01e8ea4268263ef677ceea5f"},
]
pycodestyle = [
    {file = "pycodestyle-2.5.0-py2.py3-none-any.whl", hash = "sha256:95a2219d12372f05704562a14ec30bc76b05a5b297b21a5dfe3f6fac3491ae56"},
    {file = "pycodestyle-2.5.0.tar.gz", hash = "sha256:e40a936c9a450ad81df37f549d676d127b1b66000a6c500caa2b085bc0ca976c"},
]
pydocstyle = [
    {file = "pydocstyle-5.0.2-py3-none-any.whl", hash = "sha256:da7831660b7355307b32778c4a0dbfb137d89254ef31a2b2978f50fc0b4d7586"},
    {file = "pydocstyle-5.0.2.tar.gz", hash = "sha256:f4f5d210610c2d153fae39093d44224c17429e2ad7da12a8b419aba5c2f614b5"},
]
pyflakes = [
    {file = "pyflakes-2.1.1-py2.py3-none-any.whl", hash = "sha256:17dbeb2e3f4d772725c777fabc446d5634d1038f234e77343108ce445ea69ce0"},
    {file = "pyflakes-2.1.1.tar.gz", hash = "sha256:d976835886f8c5b31d47970ed689944a0262b5f3afa00a5a7b4dc81e5449f8a2"},
]
pygments = [
    {file = "Pygments-2.5.2-py2.py3-none-any.whl", hash = "sha256:2a3fe295e54a20164a9df49c75fa58526d3be48e14aceba6d6b1e8ac0bfd6f1b"},
    {file = "Pygments-2.5.2.tar.gz", hash = "sha256:98c8aa5a9f778fcd1026a17361ddaf7330d1b7c62ae97c3bb0ae73e0b9b6b0fe"},
]
pyyaml = [
    {file = "PyYAML-5.3-cp27-cp27m-win32.whl", hash = "sha256:940532b111b1952befd7db542c370887a8611660d2b9becff75d39355303d82d"},
    {file = "PyYAML-5.3-cp27-cp27m-win_amd64.whl", hash = "sha256:059b2ee3194d718896c0ad077dd8c043e5e909d9180f387ce42012662a4946d6"},
    {file = "PyYAML-5.3-cp35-cp35m-win32.whl", hash = "sha256:4fee71aa5bc6ed9d5f116327c04273e25ae31a3020386916905767ec4fc5317e"},
    {file = "PyYAML-5.3-cp35-cp35m-win_amd64.whl", hash = "sha256:dbbb2379c19ed6042e8f11f2a2c66d39cceb8aeace421bfc29d085d93eda3689"},
    {file = "PyYAML-5.3-cp36-cp36m-win32.whl", hash = "sha256:e3a057b7a64f1222b56e47bcff5e4b94c4f61faac04c7c4ecb1985e18caa3994"},
    {file = "PyYAML-5.3-cp36-cp36m-win_amd64.whl", hash = "sha256:74782fbd4d4f87ff04159e986886931456a1894c61229be9eaf4de6f6e44b99e"},
    {file = "PyYAML-5.3-cp37-cp37m-win32.whl", hash = "sha256:24521fa2890642614558b492b473bee0ac1f8057a7263156b02e8b14c88ce6f5"},
    {file = "PyYAML-5.3-cp37-cp37m-win_amd64.whl", hash = "sha256:1cf708e2ac57f3aabc87405f04b86354f66799c8e62c28c5fc5f88b5521b2dbf"},
    {file = "PyYAML-5.3-cp38-cp38-win32.whl", hash = "sha256:70024e02197337533eef7b85b068212420f950319cc8c580261963aefc75f811"},
    {file = "PyYAML-5.3-cp38-cp38-win_amd64.whl", hash = "sha256:cb1f2f5e426dc9f07a7681419fe39cee823bb74f723f36f70399123f439e9b20"},
    {file = "PyYAML-5.3.tar.gz", hash = "sha256:e9f45bd5b92c7974e59bcd2dcc8631a6b6cc380a904725fce7bc08872e691615"},
]
radon = [
    {file = "radon-4.1.0-py2.py3-none-any.whl", hash = "sha256:0c18111ec6cfe7f664bf9db6c51586714ac8c6d9741542706df8a85aca39b99a"},
    {file = "radon-4.1.0.tar.gz", hash = "sha256:56082c52206db45027d4a73612e1b21663c4cc2be3760fee769d966fd7efdd6d"},
]
restructuredtext-lint = [
    {file = "restructuredtext_lint-1.3.0.tar.gz", hash = "sha256:97b3da356d5b3a8514d8f1f9098febd8b41463bed6a1d9f126cf0a048b6fd908"},
]
six = [
    {file = "six-1.14.0-py2.py3-none-any.whl", hash = "sha256:8f3cd2e254d8f793e7f3d6d9df77b92252b52637291d0f0da013c76ea2724b6c"},
    {file = "six-1.14.0.tar.gz", hash = "sha256:236bdbdce46e6e6a3d61a337c0f8b763ca1e8717c03b369e87a7ec7ce1319c0a"},
]
smmap2 = [
    {file = "smmap2-2.0.5-py2.py3-none-any.whl", hash = "sha256:0555a7bf4df71d1ef4218e4807bbf9b201f910174e6e08af2e138d4e517b4dde"},
    {file = "smmap2-2.0.5.tar.gz", hash = "sha256:29a9ffa0497e7f2be94ca0ed1ca1aa3cd4cf25a1f6b4f5f87f74b46ed91d609a"},
]
snowballstemmer = [
    {file = "snowballstemmer-2.0.0-py2.py3-none-any.whl", hash = "sha256:209f257d7533fdb3cb73bdbd24f436239ca3b2fa67d56f6ff88e86be08cc5ef0"},
    {file = "snowballstemmer-2.0.0.tar.gz", hash = "sha256:df3bac3df4c2c01363f3dd2cfa78cce2840a79b9f1c2d2de9ce8d31683992f52"},
]
stevedore = [
    {file = "stevedore-1.32.0-py2.py3-none-any.whl", hash = "sha256:a4e7dc759fb0f2e3e2f7d8ffe2358c19d45b9b8297f393ef1256858d82f69c9b"},
    {file = "stevedore-1.32.0.tar.gz", hash = "sha256:18afaf1d623af5950cc0f7e75e70f917784c73b652a34a12d90b309451b5500b"},
]
testfixtures = [
    {file = "testfixtures-6.12.0-py2.py3-none-any.whl", hash = "sha256:76eef0c048d6c1ad28bb74ae2b28fa9e3ea3a2f42a56715a4102480b8188e588"},
    {file = "testfixtures-6.12.0.tar.gz", hash = "sha256:c352760016f0e5579a3e5565387e6d582ccad4db9791b6a293fdfc59d4591b97"},
]
toml = [
    {file = "toml-0.10.0-py2.7.egg", hash = "sha256:f1db651f9657708513243e61e6cc67d101a39bad662eaa9b5546f789338e07a3"},
    {file = "toml-0.10.0-py2.py3-none-any.whl", hash = "sha256:235682dd292d5899d361a811df37e04a8828a5b1da3115886b73cf81ebc9100e"},
    {file = "toml-0.10.0.tar.gz", hash = "sha256:229f81c57791a41d65e399fc06bf0848bab550a9dfd5ed66df18ce5f05e73d5c"},
]
typing-extensions = [
    {file = "typing_extensions-3.7.4.1-py2-none-any.whl", hash = "sha256:910f4656f54de5993ad9304959ce9bb903f90aadc7c67a0bef07e678014e892d"},
    {file = "typing_extensions-3.7.4.1-py3-none-any.whl", hash = "sha256:cf8b63fedea4d89bab840ecbb93e75578af28f76f66c35889bd7065f5af88575"},
    {file = "typing_extensions-3.7.4.1.tar.gz", hash = "sha256:091ecc894d5e908ac75209f10d5b4f118fbdb2eb1ede6a63544054bb1edb41f2"},
]
wemake-python-styleguide = [
    {file = "wemake-python-styleguide-0.13.4.tar.gz", hash = "sha256:927236eef999ef4a67ec6e120586da7d9e33f99568775d6ed28c3c6670872264"},
    {file = "wemake_python_styleguide-0.13.4-py3-none-any.whl", hash = "sha256:b005b29ba07eba59c5d8d781df35975adcf1febcad7f1306abe9bf07fa11f1d0"},
]
zipp = [
    {file = "zipp-2.2.0-py36-none-any.whl", hash = "sha256:d65287feb793213ffe11c0f31b81602be31448f38aeb8ffc2eb286c4f6f6657e"},
    {file = "zipp-2.2.0.tar.gz", hash = "sha256:5c56e330306215cd3553342cfafc73dda2c60792384117893f3a83f8a1209f50"},
]
